// !$*UTF8*$!
{
	archiveVersion = 1;
	classes = {
	};
	objectVersion = 46;
	objects = {

/* Begin PBXBuildFile section */
		9BC7684D1F1D5683005E8393 /* AppDelegate.swift in Sources */ = {isa = PBXBuildFile; fileRef = 9BC7684C1F1D5683005E8393 /* AppDelegate.swift */; };
		9BC7684F1F1D5683005E8393 /* ViewController.swift in Sources */ = {isa = PBXBuildFile; fileRef = 9BC7684E1F1D5683005E8393 /* ViewController.swift */; };
		9BC768521F1D5683005E8393 /* Main.storyboard in Resources */ = {isa = PBXBuildFile; fileRef = 9BC768501F1D5683005E8393 /* Main.storyboard */; };
		9BC768541F1D5683005E8393 /* Assets.xcassets in Resources */ = {isa = PBXBuildFile; fileRef = 9BC768531F1D5683005E8393 /* Assets.xcassets */; };
		9BC768571F1D5683005E8393 /* LaunchScreen.storyboard in Resources */ = {isa = PBXBuildFile; fileRef = 9BC768551F1D5683005E8393 /* LaunchScreen.storyboard */; };
/* End PBXBuildFile section */

/* Begin PBXFileReference section */
		9BC768491F1D5683005E8393 /* patriciaToDoList.app */ = {isa = PBXFileReference; explicitFileType = wrapper.application; includeInIndex = 0; path = patriciaToDoList.app; sourceTree = BUILT_PRODUCTS_DIR; };
		9BC7684C1F1D5683005E8393 /* AppDelegate.swift */ = {isa = PBXFileReference; lastKnownFileType = sourcecode.swift; path = AppDelegate.swift; sourceTree = "<group>"; };
		9BC7684E1F1D5683005E8393 /* ViewController.swift */ = {isa = PBXFileReference; lastKnownFileType = sourcecode.swift; path = ViewController.swift; sourceTree = "<group>"; };
		9BC768511F1D5683005E8393 /* Base */ = {isa = PBXFileReference; lastKnownFileType = file.storyboard; name = Base; path = Base.lproj/Main.storyboard; sourceTree = "<group>"; };
		9BC768531F1D5683005E8393 /* Assets.xcassets */ = {isa = PBXFileReference; lastKnownFileType = folder.assetcatalog; path = Assets.xcassets; sourceTree = "<group>"; };
		9BC768561F1D5683005E8393 /* Base */ = {isa = PBXFileReference; lastKnownFileType = file.storyboard; name = Base; path = Base.lproj/LaunchScreen.storyboard; sourceTree = "<group>"; };
		9BC768581F1D5683005E8393 /* Info.plist */ = {isa = PBXFileReference; lastKnownFileType = text.plist.xml; path = Info.plist; sourceTree = "<group>"; };
/* End PBXFileReference section */

/* Begin PBXFrameworksBuildPhase section */
		9BC768461F1D5683005E8393 /* Frameworks */ = {
			isa = PBXFrameworksBuildPhase;
			buildActionMask = 2147483647;
			files = (
			);
			runOnlyForDeploymentPostprocessing = 0;
		};
/* End PBXFrameworksBuildPhase section */

/* Begin PBXGroup section */
		9BC768401F1D5683005E8393 = {
			isa = PBXGroup;
			children = (
				9BC7684B1F1D5683005E8393 /* patriciaToDoList */,
				9BC7684A1F1D5683005E8393 /* Products */,
			);
			sourceTree = "<group>";
		};
		9BC7684A1F1D5683005E8393 /* Products */ = {
			isa = PBXGroup;
			children = (
				9BC768491F1D5683005E8393 /* patriciaToDoList.app */,
			);
			name = Products;
			sourceTree = "<group>";
		};
		9BC7684B1F1D5683005E8393 /* patriciaToDoList */ = {
			isa = PBXGroup;
			children = (
				9BC7684C1F1D5683005E8393 /* AppDelegate.swift */,
				9BC7684E1F1D5683005E8393 /* ViewController.swift */,
				9BC768501F1D5683005E8393 /* Main.storyboard */,
				9BC768531F1D5683005E8393 /* Assets.xcassets */,
				9BC768551F1D5683005E8393 /* LaunchScreen.storyboard */,
				9BC768581F1D5683005E8393 /* Info.plist */,
			);
			path = patriciaToDoList;
			sourceTree = "<group>";
		};
/* End PBXGroup section */

/* Begin PBXNativeTarget section */
		9BC768481F1D5683005E8393 /* patriciaToDoList */ = {
			isa = PBXNativeTarget;
			buildConfigurationList = 9BC7685B1F1D5683005E8393 /* Build configuration list for PBXNativeTarget "patriciaToDoList" */;
			buildPhases = (
				9BC768451F1D5683005E8393 /* Sources */,
				9BC768461F1D5683005E8393 /* Frameworks */,
				9BC768471F1D5683005E8393 /* Resources */,
			);
			buildRules = (
			);
			dependencies = (
			);
			name = patriciaToDoList;
			productName = patriciaToDoList;
			productReference = 9BC768491F1D5683005E8393 /* patriciaToDoList.app */;
			productType = "com.apple.product-type.application";
		};
/* End PBXNativeTarget section */

/* Begin PBXProject section */
		9BC768411F1D5683005E8393 /* Project object */ = {
			isa = PBXProject;
			attributes = {
				LastSwiftUpdateCheck = 0820;
				LastUpgradeCheck = 0820;
				ORGANIZATIONNAME = eleves;
				TargetAttributes = {
					9BC768481F1D5683005E8393 = {
						CreatedOnToolsVersion = 8.2;
						ProvisioningStyle = Automatic;
					};
				};
			};
			buildConfigurationList = 9BC768441F1D5683005E8393 /* Build configuration list for PBXProject "patriciaToDoList" */;
			compatibilityVersion = "Xcode 3.2";
			developmentRegion = English;
			hasScannedForEncodings = 0;
			knownRegions = (
				en,
				Base,
			);
			mainGroup = 9BC768401F1D5683005E8393;
			productRefGroup = 9BC7684A1F1D5683005E8393 /* Products */;
			projectDirPath = "";
			projectRoot = "";
			targets = (
				9BC768481F1D5683005E8393 /* patriciaToDoList */,
			);
		};
/* End PBXProject section */

/* Begin PBXResourcesBuildPhase section */
		9BC768471F1D5683005E8393 /* Resources */ = {
			isa = PBXResourcesBuildPhase;
			buildActionMask = 2147483647;
			files = (
				9BC768571F1D5683005E8393 /* LaunchScreen.storyboard in Resources */,
				9BC768541F1D5683005E8393 /* Assets.xcassets in Resources */,
				9BC768521F1D5683005E8393 /* Main.storyboard in Resources */,
			);
			runOnlyForDeploymentPostprocessing = 0;
		};
/* End PBXResourcesBuildPhase section */

/* Begin PBXSourcesBuildPhase section */
		9BC768451F1D5683005E8393 /* Sources */ = {
			isa = PBXSourcesBuildPhase;
			buildActionMask = 2147483647;
			files = (
				9BC7684F1F1D5683005E8393 /* ViewController.swift in Sources */,
				9BC7684D1F1D5683005E8393 /* AppDelegate.swift in Sources */,
			);
			runOnlyForDeploymentPostprocessing = 0;
		};
/* End PBXSourcesBuildPhase section */

/* Begin PBXVariantGroup section */
		9BC768501F1D5683005E8393 /* Main.storyboard */ = {
			isa = PBXVariantGroup;
			children = (
				9BC768511F1D5683005E8393 /* Base */,
			);
			name = Main.storyboard;
			sourceTree = "<group>";
		};
		9BC768551F1D5683005E8393 /* LaunchScreen.storyboard */ = {
			isa = PBXVariantGroup;
			children = (
				9BC768561F1D5683005E8393 /* Base */,
			);
			name = LaunchScreen.storyboard;
			sourceTree = "<group>";
		};
/* End PBXVariantGroup section */

/* Begin XCBuildConfiguration section */
		9BC768591F1D5683005E8393 /* Debug */ = {
			isa = XCBuildConfiguration;
			buildSettings = {
				ALWAYS_SEARCH_USER_PATHS = NO;
				CLANG_ANALYZER_NONNULL = YES;
				CLANG_CXX_LANGUAGE_STANDARD = "gnu++0x";
				CLANG_CXX_LIBRARY = "libc++";
				CLANG_ENABLE_MODULES = YES;
				CLANG_ENABLE_OBJC_ARC = YES;
				CLANG_WARN_BOOL_CONVERSION = YES;
				CLANG_WARN_CONSTANT_CONVERSION = YES;
				CLANG_WARN_DIRECT_OBJC_ISA_USAGE = YES_ERROR;
				CLANG_WARN_DOCUMENTATION_COMMENTS = YES;
				CLANG_WARN_EMPTY_BODY = YES;
				CLANG_WARN_ENUM_CONVERSION = YES;
				CLANG_WARN_INFINITE_RECURSION = YES;
				CLANG_WARN_INT_CONVERSION = YES;
				CLANG_WARN_OBJC_ROOT_CLASS = YES_ERROR;
				CLANG_WARN_SUSPICIOUS_MOVE = YES;
				CLANG_WARN_UNREACHABLE_CODE = YES;
				CLANG_WARN__DUPLICATE_METHOD_MATCH = YES;
				"CODE_SIGN_IDENTITY[sdk=iphoneos*]" = "iPhone Developer";
				COPY_PHASE_STRIP = NO;
				DEBUG_INFORMATION_FORMAT = dwarf;
				ENABLE_STRICT_OBJC_MSGSEND = YES;
				ENABLE_TESTABILITY = YES;
				GCC_C_LANGUAGE_STANDARD = gnu99;
				GCC_DYNAMIC_NO_PIC = NO;
				GCC_NO_COMMON_BLOCKS = YES;
				GCC_OPTIMIZATION_LEVEL = 0;
				GCC_PREPROCESSOR_DEFINITIONS = (
					"DEBUG=1",
					"$(inherited)",
				);
				GCC_WARN_64_TO_32_BIT_CONVERSION = YES;
				GCC_WARN_ABOUT_RETURN_TYPE = YES_ERROR;
				GCC_WARN_UNDECLARED_SELECTOR = YES;
				GCC_WARN_UNINITIALIZED_AUTOS = YES_AGGRESSIVE;
				GCC_WARN_UNUSED_FUNCTION = YES;
				GCC_WARN_UNUSED_VARIABLE = YES;
				IPHONEOS_DEPLOYMENT_TARGET = 10.2;
				MTL_ENABLE_DEBUG_INFO = YES;
				ONLY_ACTIVE_ARCH = YES;
				SDKROOT = iphoneos;
				SWIFT_ACTIVE_COMPILATION_CONDITIONS = DEBUG;
				SWIFT_OPTIMIZATION_LEVEL = "-Onone";
				TARGETED_DEVICE_FAMILY = "1,2";
			};
			name = Debug;
		};
		9BC7685A1F1D5683005E8393 /* Release */ = {
			isa = XCBuildConfiguration;
			buildSettings = {
				ALWAYS_SEARCH_USER_PATHS = NO;
				CLANG_ANALYZER_NONNULL = YES;
				CLANG_CXX_LANGUAGE_STANDARD = "gnu++0x";
				CLANG_CXX_LIBRARY = "libc++";
				CLANG_ENABLE_MODULES = YES;
				CLANG_ENABLE_OBJC_ARC = YES;
				CLANG_WARN_BOOL_CONVERSION = YES;
				CLANG_WARN_CONSTANT_CONVERSION = YES;
				CLANG_WARN_DIRECT_OBJC_ISA_USAGE = YES_ERROR;
				CLANG_WARN_DOCUMENTATION_COMMENTS = YES;
				CLANG_WARN_EMPTY_BODY = YES;
				CLANG_WARN_ENUM_CONVERSION = YES;
				CLANG_WARN_INFINITE_RECURSION = YES;
				CLANG_WARN_INT_CONVERSION = YES;
				CLANG_WARN_OBJC_ROOT_CLASS = YES_ERROR;
				CLANG_WARN_SUSPICIOUS_MOVE = YES;
				CLANG_WARN_UNREACHABLE_CODE = YES;
				CLANG_WARN__DUPLICATE_METHOD_MATCH = YES;
				"CODE_SIGN_IDENTITY[sdk=iphoneos*]" = "iPhone Developer";
				COPY_PHASE_STRIP = NO;
				DEBUG_INFORMATION_FORMAT = "dwarf-with-dsym";
				ENABLE_NS_ASSERTIONS = NO;
				ENABLE_STRICT_OBJC_MSGSEND = YES;
				GCC_C_LANGUAGE_STANDARD = gnu99;
				GCC_NO_COMMON_BLOCKS = YES;
				GCC_WARN_64_TO_32_BIT_CONVERSION = YES;
				GCC_WARN_ABOUT_RETURN_TYPE = YES_ERROR;
				GCC_WARN_UNDECLARED_SELECTOR = YES;
				GCC_WARN_UNINITIALIZED_AUTOS = YES_AGGRESSIVE;
				GCC_WARN_UNUSED_FUNCTION = YES;
				GCC_WARN_UNUSED_VARIABLE = YES;
				IPHONEOS_DEPLOYMENT_TARGET = 10.2;
				MTL_ENABLE_DEBUG_INFO = NO;
				SDKROOT = iphoneos;
				SWIFT_OPTIMIZATION_LEVEL = "-Owholemodule";
				TARGETED_DEVICE_FAMILY = "1,2";
				VALIDATE_PRODUCT = YES;
			};
			name = Release;
		};
		9BC7685C1F1D5683005E8393 /* Debug */ = {
			isa = XCBuildConfiguration;
			buildSettings = {
				ASSETCATALOG_COMPILER_APPICON_NAME = AppIcon;
				INFOPLIST_FILE = patriciaToDoList/Info.plist;
				LD_RUNPATH_SEARCH_PATHS = "$(inherited) @executable_path/Frameworks";
				PRODUCT_BUNDLE_IDENTIFIER = com.shimizu.patriciaToDoList;
				PRODUCT_NAME = "$(TARGET_NAME)";
				SWIFT_VERSION = 3.0;
			};
			name = Debug;
		};
		9BC7685D1F1D5683005E8393 /* Release */ = {
			isa = XCBuildConfiguration;
			buildSettings = {
				ASSETCATALOG_COMPILER_APPICON_NAME = AppIcon;
				INFOPLIST_FILE = patriciaToDoList/Info.plist;
				LD_RUNPATH_SEARCH_PATHS = "$(inherited) @executable_path/Frameworks";
				PRODUCT_BUNDLE_IDENTIFIER = com.shimizu.patriciaToDoList;
				PRODUCT_NAME = "$(TARGET_NAME)";
				SWIFT_VERSION = 3.0;
			};
			name = Release;
		};
/* End XCBuildConfiguration section */

/* Begin XCConfigurationList section */
		9BC768441F1D5683005E8393 /* Build configuration list for PBXProject "patriciaToDoList" */ = {
			isa = XCConfigurationList;
			buildConfigurations = (
				9BC768591F1D5683005E8393 /* Debug */,
				9BC7685A1F1D5683005E8393 /* Release */,
			);
			defaultConfigurationIsVisible = 0;
			defaultConfigurationName = Release;
		};
		9BC7685B1F1D5683005E8393 /* Build configuration list for PBXNativeTarget "patriciaToDoList" */ = {
			isa = XCConfigurationList;
			buildConfigurations = (
				9BC7685C1F1D5683005E8393 /* Debug */,
				9BC7685D1F1D5683005E8393 /* Release */,
			);
			defaultConfigurationIsVisible = 0;
		};
/* End XCConfigurationList section */
	};
	rootObject = 9BC768411F1D5683005E8393 /* Project object */;
}
